
Microsoft Visual Studio Solution File, Format Version 12.00
# Visual Studio Version 17
VisualStudioVersion = 17.1.32407.343
MinimumVisualStudioVersion = 10.0.40219.1
Project("{9A19103F-16F7-4668-BE54-9A1E7A4F7556}") = "StackTraceBeautify", "StackTraceBeautify\StackTraceBeautify.csproj", "{3D2F09AD-ACAF-4292-88F2-2C6978EE99EA}"
EndProject
Project("{FAE04EC0-301F-11D3-BF4B-00C04F79EFBC}") = "StackTraceBeautify.Tests", "StackTraceBeautify.Tests\StackTraceBeautify.Tests.csproj", "{67AC4662-3F31-4331-A946-A6029F5EB62C}"
EndProject
Global
	GlobalSection(SolutionConfigurationPlatforms) = preSolution
		Debug|Any CPU = Debug|Any CPU
		Release|Any CPU = Release|Any CPU
	EndGlobalSection
	GlobalSection(ProjectConfigurationPlatforms) = postSolution
		{3D2F09AD-ACAF-4292-88F2-2C6978EE99EA}.Debug|Any CPU.ActiveCfg = Debug|Any CPU
		{3D2F09AD-ACAF-4292-88F2-2C6978EE99EA}.Debug|Any CPU.Build.0 = Debug|Any CPU
		{3D2F09AD-ACAF-4292-88F2-2C6978EE99EA}.Release|Any CPU.ActiveCfg = Release|Any CPU
		{3D2F09AD-ACAF-4292-88F2-2C6978EE99EA}.Release|Any CPU.Build.0 = Release|Any CPU
		{67AC4662-3F31-4331-A946-A6029F5EB62C}.Debug|Any CPU.ActiveCfg = Debug|Any CPU
		{67AC4662-3F31-4331-A946-A6029F5EB62C}.Debug|Any CPU.Build.0 = Debug|Any CPU
		{67AC4662-3F31-4331-A946-A6029F5EB62C}.Release|Any CPU.ActiveCfg = Release|Any CPU
		{67AC4662-3F31-4331-A946-A6029F5EB62C}.Release|Any CPU.Build.0 = Release|Any CPU
	EndGlobalSection
	GlobalSection(SolutionProperties) = preSolution
		HideSolutionNode = FALSE
	EndGlobalSection
	GlobalSection(ExtensibilityGlobals) = postSolution
		SolutionGuid = {33FDCE6D-4906-4AB9-9B10-E9DA61468743}
	EndGlobalSection
EndGlobal
